// !$*UTF8*$!
{
	archiveVersion = 1;
	classes = {
	};
	objectVersion = 56;
	objects = {

/* Begin PBXBuildFile section */
		5C688C967B7A2C92B80DE1C6 /* Pods_SnapshotTestTests.framework in Frameworks */ = {isa = PBXBuildFile; fileRef = 827CE1DF37071BAC7DEF2431 /* Pods_SnapshotTestTests.framework */; };
		5DD1D0B52DFA15C23E9784DA /* Pods_SnapshotTest.framework in Frameworks */ = {isa = PBXBuildFile; fileRef = 827DC71127C978A8BF9A6D78 /* Pods_SnapshotTest.framework */; };
		AC8D63422A867023001FA5CE /* SnapshotTestApp.swift in Sources */ = {isa = PBXBuildFile; fileRef = AC8D63412A867023001FA5CE /* SnapshotTestApp.swift */; };
		AC8D63442A867023001FA5CE /* ContentView.swift in Sources */ = {isa = PBXBuildFile; fileRef = AC8D63432A867023001FA5CE /* ContentView.swift */; };
		AC8D63462A867024001FA5CE /* Assets.xcassets in Resources */ = {isa = PBXBuildFile; fileRef = AC8D63452A867024001FA5CE /* Assets.xcassets */; };
		AC8D63492A867024001FA5CE /* Preview Assets.xcassets in Resources */ = {isa = PBXBuildFile; fileRef = AC8D63482A867024001FA5CE /* Preview Assets.xcassets */; };
		AC8D635D2A867024001FA5CE /* SnapshotTestUITests.swift in Sources */ = {isa = PBXBuildFile; fileRef = AC8D635C2A867024001FA5CE /* SnapshotTestUITests.swift */; };
		AC8D635F2A867024001FA5CE /* SnapshotTestUITestsLaunchTests.swift in Sources */ = {isa = PBXBuildFile; fileRef = AC8D635E2A867024001FA5CE /* SnapshotTestUITestsLaunchTests.swift */; };
		AC8D636D2A86724A001FA5CE /* SnapshotTestCase.swift in Sources */ = {isa = PBXBuildFile; fileRef = AC8D636C2A86724A001FA5CE /* SnapshotTestCase.swift */; };
		AC8D63702A8672E2001FA5CE /* Array+Images.swift in Sources */ = {isa = PBXBuildFile; fileRef = AC8D636F2A8672E2001FA5CE /* Array+Images.swift */; };
		AC8D63722A867314001FA5CE /* Float+Acceptable.swift in Sources */ = {isa = PBXBuildFile; fileRef = AC8D63712A867314001FA5CE /* Float+Acceptable.swift */; };
		AC8D63742A867327001FA5CE /* SnapshotTesting+Extensions.swift in Sources */ = {isa = PBXBuildFile; fileRef = AC8D63732A867327001FA5CE /* SnapshotTesting+Extensions.swift */; };
		AC8D63762A867341001FA5CE /* Snapshotting+Extensions.swift in Sources */ = {isa = PBXBuildFile; fileRef = AC8D63752A867341001FA5CE /* Snapshotting+Extensions.swift */; };
		AC8D63782A867357001FA5CE /* UITraitCollection+Extensions.swift in Sources */ = {isa = PBXBuildFile; fileRef = AC8D63772A867357001FA5CE /* UITraitCollection+Extensions.swift */; };
		AC8D637A2A867376001FA5CE /* ViewImageConfig+Extensions.swift in Sources */ = {isa = PBXBuildFile; fileRef = AC8D63792A867376001FA5CE /* ViewImageConfig+Extensions.swift */; };
		AC8D637C2A867394001FA5CE /* ContentViewTests.swift in Sources */ = {isa = PBXBuildFile; fileRef = AC8D637B2A867394001FA5CE /* ContentViewTests.swift */; };
		CC6696421858DA08F0F65AD3 /* Pods_SnapshotTest_SnapshotTestUITests.framework in Frameworks */ = {isa = PBXBuildFile; fileRef = C3B3AFFF5CE5A89B98E5ACAB /* Pods_SnapshotTest_SnapshotTestUITests.framework */; };
/* End PBXBuildFile section */

/* Begin PBXContainerItemProxy section */
		AC8D634F2A867024001FA5CE /* PBXContainerItemProxy */ = {
			isa = PBXContainerItemProxy;
			containerPortal = AC8D63362A867023001FA5CE /* Project object */;
			proxyType = 1;
			remoteGlobalIDString = AC8D633D2A867023001FA5CE;
			remoteInfo = SnapshotTest;
		};
		AC8D63592A867024001FA5CE /* PBXContainerItemProxy */ = {
			isa = PBXContainerItemProxy;
			containerPortal = AC8D63362A867023001FA5CE /* Project object */;
			proxyType = 1;
			remoteGlobalIDString = AC8D633D2A867023001FA5CE;
			remoteInfo = SnapshotTest;
		};
/* End PBXContainerItemProxy section */

/* Begin PBXFileReference section */
		0C6D2D3CD2420E4197806CDB /* Pods-SnapshotTest.debug.xcconfig */ = {isa = PBXFileReference; includeInIndex = 1; lastKnownFileType = text.xcconfig; name = "Pods-SnapshotTest.debug.xcconfig"; path = "Target Support Files/Pods-SnapshotTest/Pods-SnapshotTest.debug.xcconfig"; sourceTree = "<group>"; };
		2AC231F9C29D26D2F1161BE1 /* Pods-SnapshotTest.release.xcconfig */ = {isa = PBXFileReference; includeInIndex = 1; lastKnownFileType = text.xcconfig; name = "Pods-SnapshotTest.release.xcconfig"; path = "Target Support Files/Pods-SnapshotTest/Pods-SnapshotTest.release.xcconfig"; sourceTree = "<group>"; };
		2E01F6A39395919B7DEB1DE1 /* Pods-SnapshotTest-SnapshotTestUITests.release.xcconfig */ = {isa = PBXFileReference; includeInIndex = 1; lastKnownFileType = text.xcconfig; name = "Pods-SnapshotTest-SnapshotTestUITests.release.xcconfig"; path = "Target Support Files/Pods-SnapshotTest-SnapshotTestUITests/Pods-SnapshotTest-SnapshotTestUITests.release.xcconfig"; sourceTree = "<group>"; };
		5659245488E3D2BA6079CE12 /* Pods-SnapshotTest-SnapshotTestUITests.debug.xcconfig */ = {isa = PBXFileReference; includeInIndex = 1; lastKnownFileType = text.xcconfig; name = "Pods-SnapshotTest-SnapshotTestUITests.debug.xcconfig"; path = "Target Support Files/Pods-SnapshotTest-SnapshotTestUITests/Pods-SnapshotTest-SnapshotTestUITests.debug.xcconfig"; sourceTree = "<group>"; };
		827CE1DF37071BAC7DEF2431 /* Pods_SnapshotTestTests.framework */ = {isa = PBXFileReference; explicitFileType = wrapper.framework; includeInIndex = 0; path = Pods_SnapshotTestTests.framework; sourceTree = BUILT_PRODUCTS_DIR; };
		827DC71127C978A8BF9A6D78 /* Pods_SnapshotTest.framework */ = {isa = PBXFileReference; explicitFileType = wrapper.framework; includeInIndex = 0; path = Pods_SnapshotTest.framework; sourceTree = BUILT_PRODUCTS_DIR; };
		AC8D633E2A867023001FA5CE /* SnapshotTest.app */ = {isa = PBXFileReference; explicitFileType = wrapper.application; includeInIndex = 0; path = SnapshotTest.app; sourceTree = BUILT_PRODUCTS_DIR; };
		AC8D63412A867023001FA5CE /* SnapshotTestApp.swift */ = {isa = PBXFileReference; lastKnownFileType = sourcecode.swift; path = SnapshotTestApp.swift; sourceTree = "<group>"; };
		AC8D63432A867023001FA5CE /* ContentView.swift */ = {isa = PBXFileReference; lastKnownFileType = sourcecode.swift; path = ContentView.swift; sourceTree = "<group>"; };
		AC8D63452A867024001FA5CE /* Assets.xcassets */ = {isa = PBXFileReference; lastKnownFileType = folder.assetcatalog; path = Assets.xcassets; sourceTree = "<group>"; };
		AC8D63482A867024001FA5CE /* Preview Assets.xcassets */ = {isa = PBXFileReference; lastKnownFileType = folder.assetcatalog; path = "Preview Assets.xcassets"; sourceTree = "<group>"; };
		AC8D634E2A867024001FA5CE /* SnapshotTestTests.xctest */ = {isa = PBXFileReference; explicitFileType = wrapper.cfbundle; includeInIndex = 0; path = SnapshotTestTests.xctest; sourceTree = BUILT_PRODUCTS_DIR; };
		AC8D63582A867024001FA5CE /* SnapshotTestUITests.xctest */ = {isa = PBXFileReference; explicitFileType = wrapper.cfbundle; includeInIndex = 0; path = SnapshotTestUITests.xctest; sourceTree = BUILT_PRODUCTS_DIR; };
		AC8D635C2A867024001FA5CE /* SnapshotTestUITests.swift */ = {isa = PBXFileReference; lastKnownFileType = sourcecode.swift; path = SnapshotTestUITests.swift; sourceTree = "<group>"; };
		AC8D635E2A867024001FA5CE /* SnapshotTestUITestsLaunchTests.swift */ = {isa = PBXFileReference; lastKnownFileType = sourcecode.swift; path = SnapshotTestUITestsLaunchTests.swift; sourceTree = "<group>"; };
		AC8D636C2A86724A001FA5CE /* SnapshotTestCase.swift */ = {isa = PBXFileReference; lastKnownFileType = sourcecode.swift; path = SnapshotTestCase.swift; sourceTree = "<group>"; };
		AC8D636F2A8672E2001FA5CE /* Array+Images.swift */ = {isa = PBXFileReference; lastKnownFileType = sourcecode.swift; path = "Array+Images.swift"; sourceTree = "<group>"; };
		AC8D63712A867314001FA5CE /* Float+Acceptable.swift */ = {isa = PBXFileReference; lastKnownFileType = sourcecode.swift; path = "Float+Acceptable.swift"; sourceTree = "<group>"; };
		AC8D63732A867327001FA5CE /* SnapshotTesting+Extensions.swift */ = {isa = PBXFileReference; lastKnownFileType = sourcecode.swift; path = "SnapshotTesting+Extensions.swift"; sourceTree = "<group>"; };
		AC8D63752A867341001FA5CE /* Snapshotting+Extensions.swift */ = {isa = PBXFileReference; lastKnownFileType = sourcecode.swift; path = "Snapshotting+Extensions.swift"; sourceTree = "<group>"; };
		AC8D63772A867357001FA5CE /* UITraitCollection+Extensions.swift */ = {isa = PBXFileReference; lastKnownFileType = sourcecode.swift; path = "UITraitCollection+Extensions.swift"; sourceTree = "<group>"; };
		AC8D63792A867376001FA5CE /* ViewImageConfig+Extensions.swift */ = {isa = PBXFileReference; lastKnownFileType = sourcecode.swift; path = "ViewImageConfig+Extensions.swift"; sourceTree = "<group>"; };
		AC8D637B2A867394001FA5CE /* ContentViewTests.swift */ = {isa = PBXFileReference; lastKnownFileType = sourcecode.swift; path = ContentViewTests.swift; sourceTree = "<group>"; };
		C3B3AFFF5CE5A89B98E5ACAB /* Pods_SnapshotTest_SnapshotTestUITests.framework */ = {isa = PBXFileReference; explicitFileType = wrapper.framework; includeInIndex = 0; path = Pods_SnapshotTest_SnapshotTestUITests.framework; sourceTree = BUILT_PRODUCTS_DIR; };
		E580BDA923378D7FEE75969C /* Pods-SnapshotTestTests.release.xcconfig */ = {isa = PBXFileReference; includeInIndex = 1; lastKnownFileType = text.xcconfig; name = "Pods-SnapshotTestTests.release.xcconfig"; path = "Target Support Files/Pods-SnapshotTestTests/Pods-SnapshotTestTests.release.xcconfig"; sourceTree = "<group>"; };
		EB6602F7DE2E515182D49D5C /* Pods-SnapshotTestTests.debug.xcconfig */ = {isa = PBXFileReference; includeInIndex = 1; lastKnownFileType = text.xcconfig; name = "Pods-SnapshotTestTests.debug.xcconfig"; path = "Target Support Files/Pods-SnapshotTestTests/Pods-SnapshotTestTests.debug.xcconfig"; sourceTree = "<group>"; };
/* End PBXFileReference section */

/* Begin PBXFrameworksBuildPhase section */
		AC8D633B2A867023001FA5CE /* Frameworks */ = {
			isa = PBXFrameworksBuildPhase;
			buildActionMask = 2147483647;
			files = (
				5DD1D0B52DFA15C23E9784DA /* Pods_SnapshotTest.framework in Frameworks */,
			);
			runOnlyForDeploymentPostprocessing = 0;
		};
		AC8D634B2A867024001FA5CE /* Frameworks */ = {
			isa = PBXFrameworksBuildPhase;
			buildActionMask = 2147483647;
			files = (
				5C688C967B7A2C92B80DE1C6 /* Pods_SnapshotTestTests.framework in Frameworks */,
			);
			runOnlyForDeploymentPostprocessing = 0;
		};
		AC8D63552A867024001FA5CE /* Frameworks */ = {
			isa = PBXFrameworksBuildPhase;
			buildActionMask = 2147483647;
			files = (
				CC6696421858DA08F0F65AD3 /* Pods_SnapshotTest_SnapshotTestUITests.framework in Frameworks */,
			);
			runOnlyForDeploymentPostprocessing = 0;
		};
/* End PBXFrameworksBuildPhase section */

/* Begin PBXGroup section */
		47B07342A6591178445735A1 /* Frameworks */ = {
			isa = PBXGroup;
			children = (
				827DC71127C978A8BF9A6D78 /* Pods_SnapshotTest.framework */,
				C3B3AFFF5CE5A89B98E5ACAB /* Pods_SnapshotTest_SnapshotTestUITests.framework */,
				827CE1DF37071BAC7DEF2431 /* Pods_SnapshotTestTests.framework */,
			);
			name = Frameworks;
			sourceTree = "<group>";
		};
		AC8D63352A867023001FA5CE = {
			isa = PBXGroup;
			children = (
				AC8D63402A867023001FA5CE /* SnapshotTest */,
				AC8D63512A867024001FA5CE /* SnapshotTestTests */,
				AC8D635B2A867024001FA5CE /* SnapshotTestUITests */,
				AC8D633F2A867023001FA5CE /* Products */,
				D94A2230E8B49AF28FA6149D /* Pods */,
				47B07342A6591178445735A1 /* Frameworks */,
			);
			sourceTree = "<group>";
		};
		AC8D633F2A867023001FA5CE /* Products */ = {
			isa = PBXGroup;
			children = (
				AC8D633E2A867023001FA5CE /* SnapshotTest.app */,
				AC8D634E2A867024001FA5CE /* SnapshotTestTests.xctest */,
				AC8D63582A867024001FA5CE /* SnapshotTestUITests.xctest */,
			);
			name = Products;
			sourceTree = "<group>";
		};
		AC8D63402A867023001FA5CE /* SnapshotTest */ = {
			isa = PBXGroup;
			children = (
				AC8D63412A867023001FA5CE /* SnapshotTestApp.swift */,
				AC8D63432A867023001FA5CE /* ContentView.swift */,
				AC8D63452A867024001FA5CE /* Assets.xcassets */,
				AC8D63472A867024001FA5CE /* Preview Content */,
			);
			path = SnapshotTest;
			sourceTree = "<group>";
		};
		AC8D63472A867024001FA5CE /* Preview Content */ = {
			isa = PBXGroup;
			children = (
				AC8D63482A867024001FA5CE /* Preview Assets.xcassets */,
			);
			path = "Preview Content";
			sourceTree = "<group>";
		};
		AC8D63512A867024001FA5CE /* SnapshotTestTests */ = {
			isa = PBXGroup;
			children = (
				AC8D636B2A86720A001FA5CE /* Common */,
				AC8D636E2A8672C0001FA5CE /* Extensions */,
				AC8D637B2A867394001FA5CE /* ContentViewTests.swift */,
			);
			path = SnapshotTestTests;
			sourceTree = "<group>";
		};
		AC8D635B2A867024001FA5CE /* SnapshotTestUITests */ = {
			isa = PBXGroup;
			children = (
				AC8D635C2A867024001FA5CE /* SnapshotTestUITests.swift */,
				AC8D635E2A867024001FA5CE /* SnapshotTestUITestsLaunchTests.swift */,
			);
			path = SnapshotTestUITests;
			sourceTree = "<group>";
		};
		AC8D636B2A86720A001FA5CE /* Common */ = {
			isa = PBXGroup;
			children = (
				AC8D636C2A86724A001FA5CE /* SnapshotTestCase.swift */,
			);
			path = Common;
			sourceTree = "<group>";
		};
		AC8D636E2A8672C0001FA5CE /* Extensions */ = {
			isa = PBXGroup;
			children = (
				AC8D636F2A8672E2001FA5CE /* Array+Images.swift */,
				AC8D63712A867314001FA5CE /* Float+Acceptable.swift */,
				AC8D63732A867327001FA5CE /* SnapshotTesting+Extensions.swift */,
				AC8D63752A867341001FA5CE /* Snapshotting+Extensions.swift */,
				AC8D63772A867357001FA5CE /* UITraitCollection+Extensions.swift */,
				AC8D63792A867376001FA5CE /* ViewImageConfig+Extensions.swift */,
			);
			path = Extensions;
			sourceTree = "<group>";
		};
		D94A2230E8B49AF28FA6149D /* Pods */ = {
			isa = PBXGroup;
			children = (
				0C6D2D3CD2420E4197806CDB /* Pods-SnapshotTest.debug.xcconfig */,
				2AC231F9C29D26D2F1161BE1 /* Pods-SnapshotTest.release.xcconfig */,
				5659245488E3D2BA6079CE12 /* Pods-SnapshotTest-SnapshotTestUITests.debug.xcconfig */,
				2E01F6A39395919B7DEB1DE1 /* Pods-SnapshotTest-SnapshotTestUITests.release.xcconfig */,
				EB6602F7DE2E515182D49D5C /* Pods-SnapshotTestTests.debug.xcconfig */,
				E580BDA923378D7FEE75969C /* Pods-SnapshotTestTests.release.xcconfig */,
			);
			path = Pods;
			sourceTree = "<group>";
		};
/* End PBXGroup section */

/* Begin PBXNativeTarget section */
		AC8D633D2A867023001FA5CE /* SnapshotTest */ = {
			isa = PBXNativeTarget;
			buildConfigurationList = AC8D63622A867024001FA5CE /* Build configuration list for PBXNativeTarget "SnapshotTest" */;
			buildPhases = (
				953EFF69D95F0351F2EB6684 /* [CP] Check Pods Manifest.lock */,
				AC8D633A2A867023001FA5CE /* Sources */,
				AC8D633B2A867023001FA5CE /* Frameworks */,
				AC8D633C2A867023001FA5CE /* Resources */,
			);
			buildRules = (
			);
			dependencies = (
			);
			name = SnapshotTest;
			productName = SnapshotTest;
			productReference = AC8D633E2A867023001FA5CE /* SnapshotTest.app */;
			productType = "com.apple.product-type.application";
		};
		AC8D634D2A867024001FA5CE /* SnapshotTestTests */ = {
			isa = PBXNativeTarget;
			buildConfigurationList = AC8D63652A867024001FA5CE /* Build configuration list for PBXNativeTarget "SnapshotTestTests" */;
			buildPhases = (
				7A265B391772BC2EB31E46BA /* [CP] Check Pods Manifest.lock */,
				AC8D634A2A867024001FA5CE /* Sources */,
				AC8D634B2A867024001FA5CE /* Frameworks */,
				AC8D634C2A867024001FA5CE /* Resources */,
				59F4C9DE92E8D6CB1472C231 /* [CP] Embed Pods Frameworks */,
			);
			buildRules = (
			);
			dependencies = (
				AC8D63502A867024001FA5CE /* PBXTargetDependency */,
			);
			name = SnapshotTestTests;
			productName = SnapshotTestTests;
			productReference = AC8D634E2A867024001FA5CE /* SnapshotTestTests.xctest */;
			productType = "com.apple.product-type.bundle.unit-test";
		};
		AC8D63572A867024001FA5CE /* SnapshotTestUITests */ = {
			isa = PBXNativeTarget;
			buildConfigurationList = AC8D63682A867024001FA5CE /* Build configuration list for PBXNativeTarget "SnapshotTestUITests" */;
			buildPhases = (
				09460ED984DE549F9A4640E7 /* [CP] Check Pods Manifest.lock */,
				AC8D63542A867024001FA5CE /* Sources */,
				AC8D63552A867024001FA5CE /* Frameworks */,
				AC8D63562A867024001FA5CE /* Resources */,
			);
			buildRules = (
			);
			dependencies = (
				AC8D635A2A867024001FA5CE /* PBXTargetDependency */,
			);
			name = SnapshotTestUITests;
			productName = SnapshotTestUITests;
			productReference = AC8D63582A867024001FA5CE /* SnapshotTestUITests.xctest */;
			productType = "com.apple.product-type.bundle.ui-testing";
		};
/* End PBXNativeTarget section */

/* Begin PBXProject section */
		AC8D63362A867023001FA5CE /* Project object */ = {
			isa = PBXProject;
			attributes = {
				BuildIndependentTargetsInParallel = 1;
				LastSwiftUpdateCheck = 1430;
				LastUpgradeCheck = 1430;
				TargetAttributes = {
					AC8D633D2A867023001FA5CE = {
						CreatedOnToolsVersion = 14.3.1;
					};
					AC8D634D2A867024001FA5CE = {
						CreatedOnToolsVersion = 14.3.1;
						TestTargetID = AC8D633D2A867023001FA5CE;
					};
					AC8D63572A867024001FA5CE = {
						CreatedOnToolsVersion = 14.3.1;
						TestTargetID = AC8D633D2A867023001FA5CE;
					};
				};
			};
			buildConfigurationList = AC8D63392A867023001FA5CE /* Build configuration list for PBXProject "SnapshotTest" */;
			compatibilityVersion = "Xcode 14.0";
			developmentRegion = en;
			hasScannedForEncodings = 0;
			knownRegions = (
				en,
				Base,
			);
			mainGroup = AC8D63352A867023001FA5CE;
			productRefGroup = AC8D633F2A867023001FA5CE /* Products */;
			projectDirPath = "";
			projectRoot = "";
			targets = (
				AC8D633D2A867023001FA5CE /* SnapshotTest */,
				AC8D634D2A867024001FA5CE /* SnapshotTestTests */,
				AC8D63572A867024001FA5CE /* SnapshotTestUITests */,
			);
		};
/* End PBXProject section */

/* Begin PBXResourcesBuildPhase section */
		AC8D633C2A867023001FA5CE /* Resources */ = {
			isa = PBXResourcesBuildPhase;
			buildActionMask = 2147483647;
			files = (
				AC8D63492A867024001FA5CE /* Preview Assets.xcassets in Resources */,
				AC8D63462A867024001FA5CE /* Assets.xcassets in Resources */,
			);
			runOnlyForDeploymentPostprocessing = 0;
		};
		AC8D634C2A867024001FA5CE /* Resources */ = {
			isa = PBXResourcesBuildPhase;
			buildActionMask = 2147483647;
			files = (
			);
			runOnlyForDeploymentPostprocessing = 0;
		};
		AC8D63562A867024001FA5CE /* Resources */ = {
			isa = PBXResourcesBuildPhase;
			buildActionMask = 2147483647;
			files = (
			);
			runOnlyForDeploymentPostprocessing = 0;
		};
/* End PBXResourcesBuildPhase section */

/* Begin PBXShellScriptBuildPhase section */
		09460ED984DE549F9A4640E7 /* [CP] Check Pods Manifest.lock */ = {
			isa = PBXShellScriptBuildPhase;
			buildActionMask = 2147483647;
			files = (
			);
			inputFileListPaths = (
			);
			inputPaths = (
				"${PODS_PODFILE_DIR_PATH}/Podfile.lock",
				"${PODS_ROOT}/Manifest.lock",
			);
			name = "[CP] Check Pods Manifest.lock";
			outputFileListPaths = (
			);
			outputPaths = (
				"$(DERIVED_FILE_DIR)/Pods-SnapshotTest-SnapshotTestUITests-checkManifestLockResult.txt",
			);
			runOnlyForDeploymentPostprocessing = 0;
			shellPath = /bin/sh;
			shellScript = "diff \"${PODS_PODFILE_DIR_PATH}/Podfile.lock\" \"${PODS_ROOT}/Manifest.lock\" > /dev/null\nif [ $? != 0 ] ; then\n    # print error to STDERR\n    echo \"error: The sandbox is not in sync with the Podfile.lock. Run 'pod install' or update your CocoaPods installation.\" >&2\n    exit 1\nfi\n# This output is used by Xcode 'outputs' to avoid re-running this script phase.\necho \"SUCCESS\" > \"${SCRIPT_OUTPUT_FILE_0}\"\n";
			showEnvVarsInLog = 0;
		};
		59F4C9DE92E8D6CB1472C231 /* [CP] Embed Pods Frameworks */ = {
			isa = PBXShellScriptBuildPhase;
			buildActionMask = 2147483647;
			files = (
			);
			inputFileListPaths = (
				"${PODS_ROOT}/Target Support Files/Pods-SnapshotTestTests/Pods-SnapshotTestTests-frameworks-${CONFIGURATION}-input-files.xcfilelist",
			);
			name = "[CP] Embed Pods Frameworks";
			outputFileListPaths = (
				"${PODS_ROOT}/Target Support Files/Pods-SnapshotTestTests/Pods-SnapshotTestTests-frameworks-${CONFIGURATION}-output-files.xcfilelist",
			);
			runOnlyForDeploymentPostprocessing = 0;
			shellPath = /bin/sh;
			shellScript = "\"${PODS_ROOT}/Target Support Files/Pods-SnapshotTestTests/Pods-SnapshotTestTests-frameworks.sh\"\n";
			showEnvVarsInLog = 0;
		};
		7A265B391772BC2EB31E46BA /* [CP] Check Pods Manifest.lock */ = {
			isa = PBXShellScriptBuildPhase;
			buildActionMask = 2147483647;
			files = (
			);
			inputFileListPaths = (
			);
			inputPaths = (
				"${PODS_PODFILE_DIR_PATH}/Podfile.lock",
				"${PODS_ROOT}/Manifest.lock",
			);
			name = "[CP] Check Pods Manifest.lock";
			outputFileListPaths = (
			);
			outputPaths = (
				"$(DERIVED_FILE_DIR)/Pods-SnapshotTestTests-checkManifestLockResult.txt",
			);
			runOnlyForDeploymentPostprocessing = 0;
			shellPath = /bin/sh;
			shellScript = "diff \"${PODS_PODFILE_DIR_PATH}/Podfile.lock\" \"${PODS_ROOT}/Manifest.lock\" > /dev/null\nif [ $? != 0 ] ; then\n    # print error to STDERR\n    echo \"error: The sandbox is not in sync with the Podfile.lock. Run 'pod install' or update your CocoaPods installation.\" >&2\n    exit 1\nfi\n# This output is used by Xcode 'outputs' to avoid re-running this script phase.\necho \"SUCCESS\" > \"${SCRIPT_OUTPUT_FILE_0}\"\n";
			showEnvVarsInLog = 0;
		};
		953EFF69D95F0351F2EB6684 /* [CP] Check Pods Manifest.lock */ = {
			isa = PBXShellScriptBuildPhase;
			buildActionMask = 2147483647;
			files = (
			);
			inputFileListPaths = (
			);
			inputPaths = (
				"${PODS_PODFILE_DIR_PATH}/Podfile.lock",
				"${PODS_ROOT}/Manifest.lock",
			);
			name = "[CP] Check Pods Manifest.lock";
			outputFileListPaths = (
			);
			outputPaths = (
				"$(DERIVED_FILE_DIR)/Pods-SnapshotTest-checkManifestLockResult.txt",
			);
			runOnlyForDeploymentPostprocessing = 0;
			shellPath = /bin/sh;
			shellScript = "diff \"${PODS_PODFILE_DIR_PATH}/Podfile.lock\" \"${PODS_ROOT}/Manifest.lock\" > /dev/null\nif [ $? != 0 ] ; then\n    # print error to STDERR\n    echo \"error: The sandbox is not in sync with the Podfile.lock. Run 'pod install' or update your CocoaPods installation.\" >&2\n    exit 1\nfi\n# This output is used by Xcode 'outputs' to avoid re-running this script phase.\necho \"SUCCESS\" > \"${SCRIPT_OUTPUT_FILE_0}\"\n";
			showEnvVarsInLog = 0;
		};
/* End PBXShellScriptBuildPhase section */

/* Begin PBXSourcesBuildPhase section */
		AC8D633A2A867023001FA5CE /* Sources */ = {
			isa = PBXSourcesBuildPhase;
			buildActionMask = 2147483647;
			files = (
				AC8D63442A867023001FA5CE /* ContentView.swift in Sources */,
				AC8D63422A867023001FA5CE /* SnapshotTestApp.swift in Sources */,
			);
			runOnlyForDeploymentPostprocessing = 0;
		};
		AC8D634A2A867024001FA5CE /* Sources */ = {
			isa = PBXSourcesBuildPhase;
			buildActionMask = 2147483647;
			files = (
				AC8D63782A867357001FA5CE /* UITraitCollection+Extensions.swift in Sources */,
				AC8D63702A8672E2001FA5CE /* Array+Images.swift in Sources */,
				AC8D63722A867314001FA5CE /* Float+Acceptable.swift in Sources */,
				AC8D637A2A867376001FA5CE /* ViewImageConfig+Extensions.swift in Sources */,
				AC8D63742A867327001FA5CE /* SnapshotTesting+Extensions.swift in Sources */,
				AC8D637C2A867394001FA5CE /* ContentViewTests.swift in Sources */,
				AC8D636D2A86724A001FA5CE /* SnapshotTestCase.swift in Sources */,
				AC8D63762A867341001FA5CE /* Snapshotting+Extensions.swift in Sources */,
			);
			runOnlyForDeploymentPostprocessing = 0;
		};
		AC8D63542A867024001FA5CE /* Sources */ = {
			isa = PBXSourcesBuildPhase;
			buildActionMask = 2147483647;
			files = (
				AC8D635F2A867024001FA5CE /* SnapshotTestUITestsLaunchTests.swift in Sources */,
				AC8D635D2A867024001FA5CE /* SnapshotTestUITests.swift in Sources */,
			);
			runOnlyForDeploymentPostprocessing = 0;
		};
/* End PBXSourcesBuildPhase section */

/* Begin PBXTargetDependency section */
		AC8D63502A867024001FA5CE /* PBXTargetDependency */ = {
			isa = PBXTargetDependency;
			target = AC8D633D2A867023001FA5CE /* SnapshotTest */;
			targetProxy = AC8D634F2A867024001FA5CE /* PBXContainerItemProxy */;
		};
		AC8D635A2A867024001FA5CE /* PBXTargetDependency */ = {
			isa = PBXTargetDependency;
			target = AC8D633D2A867023001FA5CE /* SnapshotTest */;
			targetProxy = AC8D63592A867024001FA5CE /* PBXContainerItemProxy */;
		};
/* End PBXTargetDependency section */

/* Begin XCBuildConfiguration section */
		AC8D63602A867024001FA5CE /* Debug */ = {
			isa = XCBuildConfiguration;
			buildSettings = {
				ALWAYS_SEARCH_USER_PATHS = NO;
				CLANG_ANALYZER_NONNULL = YES;
				CLANG_ANALYZER_NUMBER_OBJECT_CONVERSION = YES_AGGRESSIVE;
				CLANG_CXX_LANGUAGE_STANDARD = "gnu++20";
				CLANG_ENABLE_MODULES = YES;
				CLANG_ENABLE_OBJC_ARC = YES;
				CLANG_ENABLE_OBJC_WEAK = YES;
				CLANG_WARN_BLOCK_CAPTURE_AUTORELEASING = YES;
				CLANG_WARN_BOOL_CONVERSION = YES;
				CLANG_WARN_COMMA = YES;
				CLANG_WARN_CONSTANT_CONVERSION = YES;
				CLANG_WARN_DEPRECATED_OBJC_IMPLEMENTATIONS = YES;
				CLANG_WARN_DIRECT_OBJC_ISA_USAGE = YES_ERROR;
				CLANG_WARN_DOCUMENTATION_COMMENTS = YES;
				CLANG_WARN_EMPTY_BODY = YES;
				CLANG_WARN_ENUM_CONVERSION = YES;
				CLANG_WARN_INFINITE_RECURSION = YES;
				CLANG_WARN_INT_CONVERSION = YES;
				CLANG_WARN_NON_LITERAL_NULL_CONVERSION = YES;
				CLANG_WARN_OBJC_IMPLICIT_RETAIN_SELF = YES;
				CLANG_WARN_OBJC_LITERAL_CONVERSION = YES;
				CLANG_WARN_OBJC_ROOT_CLASS = YES_ERROR;
				CLANG_WARN_QUOTED_INCLUDE_IN_FRAMEWORK_HEADER = YES;
				CLANG_WARN_RANGE_LOOP_ANALYSIS = YES;
				CLANG_WARN_STRICT_PROTOTYPES = YES;
				CLANG_WARN_SUSPICIOUS_MOVE = YES;
				CLANG_WARN_UNGUARDED_AVAILABILITY = YES_AGGRESSIVE;
				CLANG_WARN_UNREACHABLE_CODE = YES;
				CLANG_WARN__DUPLICATE_METHOD_MATCH = YES;
				COPY_PHASE_STRIP = NO;
				DEBUG_INFORMATION_FORMAT = dwarf;
				ENABLE_STRICT_OBJC_MSGSEND = YES;
				ENABLE_TESTABILITY = YES;
				GCC_C_LANGUAGE_STANDARD = gnu11;
				GCC_DYNAMIC_NO_PIC = NO;
				GCC_NO_COMMON_BLOCKS = YES;
				GCC_OPTIMIZATION_LEVEL = 0;
				GCC_PREPROCESSOR_DEFINITIONS = (
					"DEBUG=1",
					"$(inherited)",
				);
				GCC_WARN_64_TO_32_BIT_CONVERSION = YES;
				GCC_WARN_ABOUT_RETURN_TYPE = YES_ERROR;
				GCC_WARN_UNDECLARED_SELECTOR = YES;
				GCC_WARN_UNINITIALIZED_AUTOS = YES_AGGRESSIVE;
				GCC_WARN_UNUSED_FUNCTION = YES;
				GCC_WARN_UNUSED_VARIABLE = YES;
				IPHONEOS_DEPLOYMENT_TARGET = 16.4;
				MTL_ENABLE_DEBUG_INFO = INCLUDE_SOURCE;
				MTL_FAST_MATH = YES;
				ONLY_ACTIVE_ARCH = YES;
				SDKROOT = iphoneos;
				SWIFT_ACTIVE_COMPILATION_CONDITIONS = DEBUG;
				SWIFT_OPTIMIZATION_LEVEL = "-Onone";
			};
			name = Debug;
		};
		AC8D63612A867024001FA5CE /* Release */ = {
			isa = XCBuildConfiguration;
			buildSettings = {
				ALWAYS_SEARCH_USER_PATHS = NO;
				CLANG_ANALYZER_NONNULL = YES;
				CLANG_ANALYZER_NUMBER_OBJECT_CONVERSION = YES_AGGRESSIVE;
				CLANG_CXX_LANGUAGE_STANDARD = "gnu++20";
				CLANG_ENABLE_MODULES = YES;
				CLANG_ENABLE_OBJC_ARC = YES;
				CLANG_ENABLE_OBJC_WEAK = YES;
				CLANG_WARN_BLOCK_CAPTURE_AUTORELEASING = YES;
				CLANG_WARN_BOOL_CONVERSION = YES;
				CLANG_WARN_COMMA = YES;
				CLANG_WARN_CONSTANT_CONVERSION = YES;
				CLANG_WARN_DEPRECATED_OBJC_IMPLEMENTATIONS = YES;
				CLANG_WARN_DIRECT_OBJC_ISA_USAGE = YES_ERROR;
				CLANG_WARN_DOCUMENTATION_COMMENTS = YES;
				CLANG_WARN_EMPTY_BODY = YES;
				CLANG_WARN_ENUM_CONVERSION = YES;
				CLANG_WARN_INFINITE_RECURSION = YES;
				CLANG_WARN_INT_CONVERSION = YES;
				CLANG_WARN_NON_LITERAL_NULL_CONVERSION = YES;
				CLANG_WARN_OBJC_IMPLICIT_RETAIN_SELF = YES;
				CLANG_WARN_OBJC_LITERAL_CONVERSION = YES;
				CLANG_WARN_OBJC_ROOT_CLASS = YES_ERROR;
				CLANG_WARN_QUOTED_INCLUDE_IN_FRAMEWORK_HEADER = YES;
				CLANG_WARN_RANGE_LOOP_ANALYSIS = YES;
				CLANG_WARN_STRICT_PROTOTYPES = YES;
				CLANG_WARN_SUSPICIOUS_MOVE = YES;
				CLANG_WARN_UNGUARDED_AVAILABILITY = YES_AGGRESSIVE;
				CLANG_WARN_UNREACHABLE_CODE = YES;
				CLANG_WARN__DUPLICATE_METHOD_MATCH = YES;
				COPY_PHASE_STRIP = NO;
				DEBUG_INFORMATION_FORMAT = "dwarf-with-dsym";
				ENABLE_NS_ASSERTIONS = NO;
				ENABLE_STRICT_OBJC_MSGSEND = YES;
				GCC_C_LANGUAGE_STANDARD = gnu11;
				GCC_NO_COMMON_BLOCKS = YES;
				GCC_WARN_64_TO_32_BIT_CONVERSION = YES;
				GCC_WARN_ABOUT_RETURN_TYPE = YES_ERROR;
				GCC_WARN_UNDECLARED_SELECTOR = YES;
				GCC_WARN_UNINITIALIZED_AUTOS = YES_AGGRESSIVE;
				GCC_WARN_UNUSED_FUNCTION = YES;
				GCC_WARN_UNUSED_VARIABLE = YES;
				IPHONEOS_DEPLOYMENT_TARGET = 16.4;
				MTL_ENABLE_DEBUG_INFO = NO;
				MTL_FAST_MATH = YES;
				SDKROOT = iphoneos;
				SWIFT_COMPILATION_MODE = wholemodule;
				SWIFT_OPTIMIZATION_LEVEL = "-O";
				VALIDATE_PRODUCT = YES;
			};
			name = Release;
		};
		AC8D63632A867024001FA5CE /* Debug */ = {
			isa = XCBuildConfiguration;
			baseConfigurationReference = 0C6D2D3CD2420E4197806CDB /* Pods-SnapshotTest.debug.xcconfig */;
			buildSettings = {
				ASSETCATALOG_COMPILER_APPICON_NAME = AppIcon;
				ASSETCATALOG_COMPILER_GLOBAL_ACCENT_COLOR_NAME = AccentColor;
				CODE_SIGN_STYLE = Automatic;
				CURRENT_PROJECT_VERSION = 1;
				DEVELOPMENT_ASSET_PATHS = "\"SnapshotTest/Preview Content\"";
				DEVELOPMENT_TEAM = 8KA537D8MD;
				ENABLE_PREVIEWS = YES;
				GENERATE_INFOPLIST_FILE = YES;
				INFOPLIST_KEY_UIApplicationSceneManifest_Generation = YES;
				INFOPLIST_KEY_UIApplicationSupportsIndirectInputEvents = YES;
				INFOPLIST_KEY_UILaunchScreen_Generation = YES;
				INFOPLIST_KEY_UISupportedInterfaceOrientations_iPad = "UIInterfaceOrientationPortrait UIInterfaceOrientationPortraitUpsideDown UIInterfaceOrientationLandscapeLeft UIInterfaceOrientationLandscapeRight";
				INFOPLIST_KEY_UISupportedInterfaceOrientations_iPhone = "UIInterfaceOrientationPortrait UIInterfaceOrientationLandscapeLeft UIInterfaceOrientationLandscapeRight";
				LD_RUNPATH_SEARCH_PATHS = (
					"$(inherited)",
					"@executable_path/Frameworks",
				);
				MARKETING_VERSION = 1.0;
				PRODUCT_BUNDLE_IDENTIFIER = com.ForTests.SnapshotTest;
				PRODUCT_NAME = "$(TARGET_NAME)";
				SWIFT_EMIT_LOC_STRINGS = YES;
				SWIFT_VERSION = 5.0;
				TARGETED_DEVICE_FAMILY = "1,2";
			};
			name = Debug;
		};
		AC8D63642A867024001FA5CE /* Release */ = {
			isa = XCBuildConfiguration;
			baseConfigurationReference = 2AC231F9C29D26D2F1161BE1 /* Pods-SnapshotTest.release.xcconfig */;
			buildSettings = {
				ASSETCATALOG_COMPILER_APPICON_NAME = AppIcon;
				ASSETCATALOG_COMPILER_GLOBAL_ACCENT_COLOR_NAME = AccentColor;
				CODE_SIGN_STYLE = Automatic;
				CURRENT_PROJECT_VERSION = 1;
				DEVELOPMENT_ASSET_PATHS = "\"SnapshotTest/Preview Content\"";
				DEVELOPMENT_TEAM = 8KA537D8MD;
				ENABLE_PREVIEWS = YES;
				GENERATE_INFOPLIST_FILE = YES;
				INFOPLIST_KEY_UIApplicationSceneManifest_Generation = YES;
				INFOPLIST_KEY_UIApplicationSupportsIndirectInputEvents = YES;
				INFOPLIST_KEY_UILaunchScreen_Generation = YES;
				INFOPLIST_KEY_UISupportedInterfaceOrientations_iPad = "UIInterfaceOrientationPortrait UIInterfaceOrientationPortraitUpsideDown UIInterfaceOrientationLandscapeLeft UIInterfaceOrientationLandscapeRight";
				INFOPLIST_KEY_UISupportedInterfaceOrientations_iPhone = "UIInterfaceOrientationPortrait UIInterfaceOrientationLandscapeLeft UIInterfaceOrientationLandscapeRight";
				LD_RUNPATH_SEARCH_PATHS = (
					"$(inherited)",
					"@executable_path/Frameworks",
				);
				MARKETING_VERSION = 1.0;
				PRODUCT_BUNDLE_IDENTIFIER = com.ForTests.SnapshotTest;
				PRODUCT_NAME = "$(TARGET_NAME)";
				SWIFT_EMIT_LOC_STRINGS = YES;
				SWIFT_VERSION = 5.0;
				TARGETED_DEVICE_FAMILY = "1,2";
			};
			name = Release;
		};
		AC8D63662A867024001FA5CE /* Debug */ = {
			isa = XCBuildConfiguration;
			baseConfigurationReference = EB6602F7DE2E515182D49D5C /* Pods-SnapshotTestTests.debug.xcconfig */;
			buildSettings = {
				ALWAYS_EMBED_SWIFT_STANDARD_LIBRARIES = YES;
				BUNDLE_LOADER = "$(TEST_HOST)";
				CODE_SIGN_STYLE = Automatic;
				CURRENT_PROJECT_VERSION = 1;
				DEVELOPMENT_TEAM = 8KA537D8MD;
				GENERATE_INFOPLIST_FILE = YES;
				IPHONEOS_DEPLOYMENT_TARGET = 16.4;
				MARKETING_VERSION = 1.0;
				PRODUCT_BUNDLE_IDENTIFIER = com.ForTests.SnapshotTestTests;
				PRODUCT_NAME = "$(TARGET_NAME)";
				SWIFT_EMIT_LOC_STRINGS = NO;
				SWIFT_VERSION = 5.0;
				TARGETED_DEVICE_FAMILY = "1,2";
				TEST_HOST = "$(BUILT_PRODUCTS_DIR)/SnapshotTest.app/$(BUNDLE_EXECUTABLE_FOLDER_PATH)/SnapshotTest";
			};
			name = Debug;
		};
		AC8D63672A867024001FA5CE /* Release */ = {
			isa = XCBuildConfiguration;
			baseConfigurationReference = E580BDA923378D7FEE75969C /* Pods-SnapshotTestTests.release.xcconfig */;
			buildSettings = {
				ALWAYS_EMBED_SWIFT_STANDARD_LIBRARIES = YES;
				BUNDLE_LOADER = "$(TEST_HOST)";
				CODE_SIGN_STYLE = Automatic;
				CURRENT_PROJECT_VERSION = 1;
				DEVELOPMENT_TEAM = 8KA537D8MD;
				GENERATE_INFOPLIST_FILE = YES;
				IPHONEOS_DEPLOYMENT_TARGET = 16.4;
				MARKETING_VERSION = 1.0;
				PRODUCT_BUNDLE_IDENTIFIER = com.ForTests.SnapshotTestTests;
				PRODUCT_NAME = "$(TARGET_NAME)";
				SWIFT_EMIT_LOC_STRINGS = NO;
				SWIFT_VERSION = 5.0;
				TARGETED_DEVICE_FAMILY = "1,2";
				TEST_HOST = "$(BUILT_PRODUCTS_DIR)/SnapshotTest.app/$(BUNDLE_EXECUTABLE_FOLDER_PATH)/SnapshotTest";
			};
			name = Release;
		};
		AC8D63692A867024001FA5CE /* Debug */ = {
			isa = XCBuildConfiguration;
			baseConfigurationReference = 5659245488E3D2BA6079CE12 /* Pods-SnapshotTest-SnapshotTestUITests.debug.xcconfig */;
			buildSettings = {
				ALWAYS_EMBED_SWIFT_STANDARD_LIBRARIES = YES;
				CODE_SIGN_STYLE = Automatic;
				CURRENT_PROJECT_VERSION = 1;
				DEVELOPMENT_TEAM = 8KA537D8MD;
				GENERATE_INFOPLIST_FILE = YES;
				MARKETING_VERSION = 1.0;
				PRODUCT_BUNDLE_IDENTIFIER = com.ForTests.SnapshotTestUITests;
				PRODUCT_NAME = "$(TARGET_NAME)";
				SWIFT_EMIT_LOC_STRINGS = NO;
				SWIFT_VERSION = 5.0;
				TARGETED_DEVICE_FAMILY = "1,2";
				TEST_TARGET_NAME = SnapshotTest;
			};
			name = Debug;
		};
		AC8D636A2A867024001FA5CE /* Release */ = {
			isa = XCBuildConfiguration;
			baseConfigurationReference = 2E01F6A39395919B7DEB1DE1 /* Pods-SnapshotTest-SnapshotTestUITests.release.xcconfig */;
			buildSettings = {
				ALWAYS_EMBED_SWIFT_STANDARD_LIBRARIES = YES;
				CODE_SIGN_STYLE = Automatic;
				CURRENT_PROJECT_VERSION = 1;
				DEVELOPMENT_TEAM = 8KA537D8MD;
				GENERATE_INFOPLIST_FILE = YES;
				MARKETING_VERSION = 1.0;
				PRODUCT_BUNDLE_IDENTIFIER = com.ForTests.SnapshotTestUITests;
				PRODUCT_NAME = "$(TARGET_NAME)";
				SWIFT_EMIT_LOC_STRINGS = NO;
				SWIFT_VERSION = 5.0;
				TARGETED_DEVICE_FAMILY = "1,2";
				TEST_TARGET_NAME = SnapshotTest;
			};
			name = Release;
		};
/* End XCBuildConfiguration section */

/* Begin XCConfigurationList section */
		AC8D63392A867023001FA5CE /* Build configuration list for PBXProject "SnapshotTest" */ = {
			isa = XCConfigurationList;
			buildConfigurations = (
				AC8D63602A867024001FA5CE /* Debug */,
				AC8D63612A867024001FA5CE /* Release */,
			);
			defaultConfigurationIsVisible = 0;
			defaultConfigurationName = Release;
		};
		AC8D63622A867024001FA5CE /* Build configuration list for PBXNativeTarget "SnapshotTest" */ = {
			isa = XCConfigurationList;
			buildConfigurations = (
				AC8D63632A867024001FA5CE /* Debug */,
				AC8D63642A867024001FA5CE /* Release */,
			);
			defaultConfigurationIsVisible = 0;
			defaultConfigurationName = Release;
		};
		AC8D63652A867024001FA5CE /* Build configuration list for PBXNativeTarget "SnapshotTestTests" */ = {
			isa = XCConfigurationList;
			buildConfigurations = (
				AC8D63662A867024001FA5CE /* Debug */,
				AC8D63672A867024001FA5CE /* Release */,
			);
			defaultConfigurationIsVisible = 0;
			defaultConfigurationName = Release;
		};
		AC8D63682A867024001FA5CE /* Build configuration list for PBXNativeTarget "SnapshotTestUITests" */ = {
			isa = XCConfigurationList;
			buildConfigurations = (
				AC8D63692A867024001FA5CE /* Debug */,
				AC8D636A2A867024001FA5CE /* Release */,
			);
			defaultConfigurationIsVisible = 0;
			defaultConfigurationName = Release;
		};
/* End XCConfigurationList section */
	};
	rootObject = AC8D63362A867023001FA5CE /* Project object */;
}
